// !$*UTF8*$!
{
	archiveVersion = 1;
	classes = {
	};
	objectVersion = 46;
	objects = {

/* Begin PBXBuildFile section */
		CD8B483E1C7A022C0088D780 /* main.m in Sources */ = {isa = PBXBuildFile; fileRef = CD8B483D1C7A022C0088D780 /* main.m */; };
		CD8B48411C7A022C0088D780 /* AppDelegate.m in Sources */ = {isa = PBXBuildFile; fileRef = CD8B48401C7A022C0088D780 /* AppDelegate.m */; };
		CD8B48441C7A022C0088D780 /* ViewController.m in Sources */ = {isa = PBXBuildFile; fileRef = CD8B48431C7A022C0088D780 /* ViewController.m */; };
		CD8B48471C7A022C0088D780 /* Main.storyboard in Resources */ = {isa = PBXBuildFile; fileRef = CD8B48451C7A022C0088D780 /* Main.storyboard */; };
		CD8B48491C7A022C0088D780 /* Assets.xcassets in Resources */ = {isa = PBXBuildFile; fileRef = CD8B48481C7A022C0088D780 /* Assets.xcassets */; };
		CD8B484C1C7A022C0088D780 /* LaunchScreen.storyboard in Resources */ = {isa = PBXBuildFile; fileRef = CD8B484A1C7A022C0088D780 /* LaunchScreen.storyboard */; };
		CD8B48571C7A022C0088D780 /* LYTopWindowExampleTests.m in Sources */ = {isa = PBXBuildFile; fileRef = CD8B48561C7A022C0088D780 /* LYTopWindowExampleTests.m */; };
		CD8B48621C7A022C0088D780 /* LYTopWindowExampleUITests.m in Sources */ = {isa = PBXBuildFile; fileRef = CD8B48611C7A022C0088D780 /* LYTopWindowExampleUITests.m */; };
		CD8B48781C7A10BD0088D780 /* LYTitleButton.m in Sources */ = {isa = PBXBuildFile; fileRef = CD8B48771C7A10BD0088D780 /* LYTitleButton.m */; };
		CD8B487B1C7A11B50088D780 /* UIView+Extension.m in Sources */ = {isa = PBXBuildFile; fileRef = CD8B487A1C7A11B50088D780 /* UIView+Extension.m */; };
		CD8B487F1C7A14840088D780 /* LYVoiceViewController.m in Sources */ = {isa = PBXBuildFile; fileRef = CD8B487E1C7A14840088D780 /* LYVoiceViewController.m */; };
		CD8B48821C7A14AB0088D780 /* LYAllViewController.m in Sources */ = {isa = PBXBuildFile; fileRef = CD8B48811C7A14AB0088D780 /* LYAllViewController.m */; };
		CD8B48851C7A14C90088D780 /* LYVideoViewController.m in Sources */ = {isa = PBXBuildFile; fileRef = CD8B48841C7A14C90088D780 /* LYVideoViewController.m */; };
		CD8B48881C7A14DA0088D780 /* LYPictureViewController.m in Sources */ = {isa = PBXBuildFile; fileRef = CD8B48871C7A14DA0088D780 /* LYPictureViewController.m */; };
		CD8B488B1C7A14F00088D780 /* LYWordViewController.m in Sources */ = {isa = PBXBuildFile; fileRef = CD8B488A1C7A14F00088D780 /* LYWordViewController.m */; };
		CD8B48911C7A1A840088D780 /* LYChildViewController.m in Sources */ = {isa = PBXBuildFile; fileRef = CD8B48901C7A1A840088D780 /* LYChildViewController.m */; };
		CDA139051C8194C500F6946C /* LYViewController.m in Sources */ = {isa = PBXBuildFile; fileRef = CDA139041C8194C500F6946C /* LYViewController.m */; };
		CDCCB1A51C7ABB4D0075AFA9 /* LYTopRootController.m in Sources */ = {isa = PBXBuildFile; fileRef = CDCCB1A21C7ABB4D0075AFA9 /* LYTopRootController.m */; };
		CDCCB1A61C7ABB4D0075AFA9 /* LYTopWindow.m in Sources */ = {isa = PBXBuildFile; fileRef = CDCCB1A41C7ABB4D0075AFA9 /* LYTopWindow.m */; };
/* End PBXBuildFile section */

/* Begin PBXContainerItemProxy section */
		CD8B48531C7A022C0088D780 /* PBXContainerItemProxy */ = {
			isa = PBXContainerItemProxy;
			containerPortal = CD8B48311C7A022C0088D780 /* Project object */;
			proxyType = 1;
			remoteGlobalIDString = CD8B48381C7A022C0088D780;
			remoteInfo = LYTopWindowExample;
		};
		CD8B485E1C7A022C0088D780 /* PBXContainerItemProxy */ = {
			isa = PBXContainerItemProxy;
			containerPortal = CD8B48311C7A022C0088D780 /* Project object */;
			proxyType = 1;
			remoteGlobalIDString = CD8B48381C7A022C0088D780;
			remoteInfo = LYTopWindowExample;
		};
/* End PBXContainerItemProxy section */

/* Begin PBXFileReference section */
		CD8B48391C7A022C0088D780 /* LYTopWindowExample.app */ = {isa = PBXFileReference; explicitFileType = wrapper.application; includeInIndex = 0; path = LYTopWindowExample.app; sourceTree = BUILT_PRODUCTS_DIR; };
		CD8B483D1C7A022C0088D780 /* main.m */ = {isa = PBXFileReference; lastKnownFileType = sourcecode.c.objc; path = main.m; sourceTree = "<group>"; };
		CD8B483F1C7A022C0088D780 /* AppDelegate.h */ = {isa = PBXFileReference; lastKnownFileType = sourcecode.c.h; path = AppDelegate.h; sourceTree = "<group>"; };
		CD8B48401C7A022C0088D780 /* AppDelegate.m */ = {isa = PBXFileReference; lastKnownFileType = sourcecode.c.objc; path = AppDelegate.m; sourceTree = "<group>"; };
		CD8B48421C7A022C0088D780 /* ViewController.h */ = {isa = PBXFileReference; lastKnownFileType = sourcecode.c.h; path = ViewController.h; sourceTree = "<group>"; };
		CD8B48431C7A022C0088D780 /* ViewController.m */ = {isa = PBXFileReference; lastKnownFileType = sourcecode.c.objc; path = ViewController.m; sourceTree = "<group>"; };
		CD8B48461C7A022C0088D780 /* Base */ = {isa = PBXFileReference; lastKnownFileType = file.storyboard; name = Base; path = Base.lproj/Main.storyboard; sourceTree = "<group>"; };
		CD8B48481C7A022C0088D780 /* Assets.xcassets */ = {isa = PBXFileReference; lastKnownFileType = folder.assetcatalog; path = Assets.xcassets; sourceTree = "<group>"; };
		CD8B484B1C7A022C0088D780 /* Base */ = {isa = PBXFileReference; lastKnownFileType = file.storyboard; name = Base; path = Base.lproj/LaunchScreen.storyboard; sourceTree = "<group>"; };
		CD8B484D1C7A022C0088D780 /* Info.plist */ = {isa = PBXFileReference; lastKnownFileType = text.plist.xml; path = Info.plist; sourceTree = "<group>"; };
		CD8B48521C7A022C0088D780 /* LYTopWindowExampleTests.xctest */ = {isa = PBXFileReference; explicitFileType = wrapper.cfbundle; includeInIndex = 0; path = LYTopWindowExampleTests.xctest; sourceTree = BUILT_PRODUCTS_DIR; };
		CD8B48561C7A022C0088D780 /* LYTopWindowExampleTests.m */ = {isa = PBXFileReference; lastKnownFileType = sourcecode.c.objc; path = LYTopWindowExampleTests.m; sourceTree = "<group>"; };
		CD8B48581C7A022C0088D780 /* Info.plist */ = {isa = PBXFileReference; lastKnownFileType = text.plist.xml; path = Info.plist; sourceTree = "<group>"; };
		CD8B485D1C7A022C0088D780 /* LYTopWindowExampleUITests.xctest */ = {isa = PBXFileReference; explicitFileType = wrapper.cfbundle; includeInIndex = 0; path = LYTopWindowExampleUITests.xctest; sourceTree = BUILT_PRODUCTS_DIR; };
		CD8B48611C7A022C0088D780 /* LYTopWindowExampleUITests.m */ = {isa = PBXFileReference; lastKnownFileType = sourcecode.c.objc; path = LYTopWindowExampleUITests.m; sourceTree = "<group>"; };
		CD8B48631C7A022C0088D780 /* Info.plist */ = {isa = PBXFileReference; lastKnownFileType = text.plist.xml; path = Info.plist; sourceTree = "<group>"; };
		CD8B48761C7A10BD0088D780 /* LYTitleButton.h */ = {isa = PBXFileReference; fileEncoding = 4; lastKnownFileType = sourcecode.c.h; path = LYTitleButton.h; sourceTree = "<group>"; };
		CD8B48771C7A10BD0088D780 /* LYTitleButton.m */ = {isa = PBXFileReference; fileEncoding = 4; lastKnownFileType = sourcecode.c.objc; path = LYTitleButton.m; sourceTree = "<group>"; };
		CD8B48791C7A11B50088D780 /* UIView+Extension.h */ = {isa = PBXFileReference; fileEncoding = 4; lastKnownFileType = sourcecode.c.h; path = "UIView+Extension.h"; sourceTree = "<group>"; };
		CD8B487A1C7A11B50088D780 /* UIView+Extension.m */ = {isa = PBXFileReference; fileEncoding = 4; lastKnownFileType = sourcecode.c.objc; path = "UIView+Extension.m"; sourceTree = "<group>"; };
		CD8B487D1C7A14840088D780 /* LYVoiceViewController.h */ = {isa = PBXFileReference; fileEncoding = 4; lastKnownFileType = sourcecode.c.h; path = LYVoiceViewController.h; sourceTree = "<group>"; };
		CD8B487E1C7A14840088D780 /* LYVoiceViewController.m */ = {isa = PBXFileReference; fileEncoding = 4; lastKnownFileType = sourcecode.c.objc; path = LYVoiceViewController.m; sourceTree = "<group>"; };
		CD8B48801C7A14AB0088D780 /* LYAllViewController.h */ = {isa = PBXFileReference; fileEncoding = 4; lastKnownFileType = sourcecode.c.h; path = LYAllViewController.h; sourceTree = "<group>"; };
		CD8B48811C7A14AB0088D780 /* LYAllViewController.m */ = {isa = PBXFileReference; fileEncoding = 4; lastKnownFileType = sourcecode.c.objc; path = LYAllViewController.m; sourceTree = "<group>"; };
		CD8B48831C7A14C90088D780 /* LYVideoViewController.h */ = {isa = PBXFileReference; fileEncoding = 4; lastKnownFileType = sourcecode.c.h; path = LYVideoViewController.h; sourceTree = "<group>"; };
		CD8B48841C7A14C90088D780 /* LYVideoViewController.m */ = {isa = PBXFileReference; fileEncoding = 4; lastKnownFileType = sourcecode.c.objc; path = LYVideoViewController.m; sourceTree = "<group>"; };
		CD8B48861C7A14DA0088D780 /* LYPictureViewController.h */ = {isa = PBXFileReference; fileEncoding = 4; lastKnownFileType = sourcecode.c.h; path = LYPictureViewController.h; sourceTree = "<group>"; };
		CD8B48871C7A14DA0088D780 /* LYPictureViewController.m */ = {isa = PBXFileReference; fileEncoding = 4; lastKnownFileType = sourcecode.c.objc; path = LYPictureViewController.m; sourceTree = "<group>"; };
		CD8B48891C7A14F00088D780 /* LYWordViewController.h */ = {isa = PBXFileReference; fileEncoding = 4; lastKnownFileType = sourcecode.c.h; path = LYWordViewController.h; sourceTree = "<group>"; };
		CD8B488A1C7A14F00088D780 /* LYWordViewController.m */ = {isa = PBXFileReference; fileEncoding = 4; lastKnownFileType = sourcecode.c.objc; path = LYWordViewController.m; sourceTree = "<group>"; };
		CD8B488F1C7A1A840088D780 /* LYChildViewController.h */ = {isa = PBXFileReference; fileEncoding = 4; lastKnownFileType = sourcecode.c.h; path = LYChildViewController.h; sourceTree = "<group>"; };
		CD8B48901C7A1A840088D780 /* LYChildViewController.m */ = {isa = PBXFileReference; fileEncoding = 4; lastKnownFileType = sourcecode.c.objc; path = LYChildViewController.m; sourceTree = "<group>"; };
		CDA139031C8194C500F6946C /* LYViewController.h */ = {isa = PBXFileReference; fileEncoding = 4; lastKnownFileType = sourcecode.c.h; path = LYViewController.h; sourceTree = "<group>"; };
		CDA139041C8194C500F6946C /* LYViewController.m */ = {isa = PBXFileReference; fileEncoding = 4; lastKnownFileType = sourcecode.c.objc; path = LYViewController.m; sourceTree = "<group>"; };
		CDCCB1A11C7ABB4D0075AFA9 /* LYTopRootController.h */ = {isa = PBXFileReference; fileEncoding = 4; lastKnownFileType = sourcecode.c.h; path = LYTopRootController.h; sourceTree = "<group>"; };
		CDCCB1A21C7ABB4D0075AFA9 /* LYTopRootController.m */ = {isa = PBXFileReference; fileEncoding = 4; lastKnownFileType = sourcecode.c.objc; path = LYTopRootController.m; sourceTree = "<group>"; };
		CDCCB1A31C7ABB4D0075AFA9 /* LYTopWindow.h */ = {isa = PBXFileReference; fileEncoding = 4; lastKnownFileType = sourcecode.c.h; path = LYTopWindow.h; sourceTree = "<group>"; };
		CDCCB1A41C7ABB4D0075AFA9 /* LYTopWindow.m */ = {isa = PBXFileReference; fileEncoding = 4; lastKnownFileType = sourcecode.c.objc; path = LYTopWindow.m; sourceTree = "<group>"; };
/* End PBXFileReference section */

/* Begin PBXFrameworksBuildPhase section */
		CD8B48361C7A022C0088D780 /* Frameworks */ = {
			isa = PBXFrameworksBuildPhase;
			buildActionMask = 2147483647;
			files = (
			);
			runOnlyForDeploymentPostprocessing = 0;
		};
		CD8B484F1C7A022C0088D780 /* Frameworks */ = {
			isa = PBXFrameworksBuildPhase;
			buildActionMask = 2147483647;
			files = (
			);
			runOnlyForDeploymentPostprocessing = 0;
		};
		CD8B485A1C7A022C0088D780 /* Frameworks */ = {
			isa = PBXFrameworksBuildPhase;
			buildActionMask = 2147483647;
			files = (
			);
			runOnlyForDeploymentPostprocessing = 0;
		};
/* End PBXFrameworksBuildPhase section */

/* Begin PBXGroup section */
		CD8B48301C7A022C0088D780 = {
			isa = PBXGroup;
			children = (
				CDCCB1A01C7ABB4D0075AFA9 /* LYTopWindow */,
				CD8B483B1C7A022C0088D780 /* LYTopWindowExample */,
				CD8B48551C7A022C0088D780 /* LYTopWindowExampleTests */,
				CD8B48601C7A022C0088D780 /* LYTopWindowExampleUITests */,
				CD8B483A1C7A022C0088D780 /* Products */,
			);
			sourceTree = "<group>";
		};
		CD8B483A1C7A022C0088D780 /* Products */ = {
			isa = PBXGroup;
			children = (
				CD8B48391C7A022C0088D780 /* LYTopWindowExample.app */,
				CD8B48521C7A022C0088D780 /* LYTopWindowExampleTests.xctest */,
				CD8B485D1C7A022C0088D780 /* LYTopWindowExampleUITests.xctest */,
			);
			name = Products;
			sourceTree = "<group>";
		};
		CD8B483B1C7A022C0088D780 /* LYTopWindowExample */ = {
			isa = PBXGroup;
			children = (
				CD8B487C1C7A120F0088D780 /* ChildVC */,
				CD8B48791C7A11B50088D780 /* UIView+Extension.h */,
				CD8B487A1C7A11B50088D780 /* UIView+Extension.m */,
				CD8B483F1C7A022C0088D780 /* AppDelegate.h */,
				CD8B48401C7A022C0088D780 /* AppDelegate.m */,
				CD8B48421C7A022C0088D780 /* ViewController.h */,
				CD8B48431C7A022C0088D780 /* ViewController.m */,
				CDA139031C8194C500F6946C /* LYViewController.h */,
				CDA139041C8194C500F6946C /* LYViewController.m */,
				CD8B48761C7A10BD0088D780 /* LYTitleButton.h */,
				CD8B48771C7A10BD0088D780 /* LYTitleButton.m */,
				CD8B48451C7A022C0088D780 /* Main.storyboard */,
				CD8B48481C7A022C0088D780 /* Assets.xcassets */,
				CD8B484A1C7A022C0088D780 /* LaunchScreen.storyboard */,
				CD8B484D1C7A022C0088D780 /* Info.plist */,
				CD8B483C1C7A022C0088D780 /* Supporting Files */,
			);
			path = LYTopWindowExample;
			sourceTree = "<group>";
		};
		CD8B483C1C7A022C0088D780 /* Supporting Files */ = {
			isa = PBXGroup;
			children = (
				CD8B483D1C7A022C0088D780 /* main.m */,
			);
			name = "Supporting Files";
			sourceTree = "<group>";
		};
		CD8B48551C7A022C0088D780 /* LYTopWindowExampleTests */ = {
			isa = PBXGroup;
			children = (
				CD8B48561C7A022C0088D780 /* LYTopWindowExampleTests.m */,
				CD8B48581C7A022C0088D780 /* Info.plist */,
			);
			path = LYTopWindowExampleTests;
			sourceTree = "<group>";
		};
		CD8B48601C7A022C0088D780 /* LYTopWindowExampleUITests */ = {
			isa = PBXGroup;
			children = (
				CD8B48611C7A022C0088D780 /* LYTopWindowExampleUITests.m */,
				CD8B48631C7A022C0088D780 /* Info.plist */,
			);
			path = LYTopWindowExampleUITests;
			sourceTree = "<group>";
		};
		CD8B487C1C7A120F0088D780 /* ChildVC */ = {
			isa = PBXGroup;
			children = (
				CD8B48801C7A14AB0088D780 /* LYAllViewController.h */,
				CD8B48811C7A14AB0088D780 /* LYAllViewController.m */,
				CD8B487D1C7A14840088D780 /* LYVoiceViewController.h */,
				CD8B487E1C7A14840088D780 /* LYVoiceViewController.m */,
				CD8B48831C7A14C90088D780 /* LYVideoViewController.h */,
				CD8B48841C7A14C90088D780 /* LYVideoViewController.m */,
				CD8B48861C7A14DA0088D780 /* LYPictureViewController.h */,
				CD8B48871C7A14DA0088D780 /* LYPictureViewController.m */,
				CD8B48891C7A14F00088D780 /* LYWordViewController.h */,
				CD8B488A1C7A14F00088D780 /* LYWordViewController.m */,
				CD8B488F1C7A1A840088D780 /* LYChildViewController.h */,
				CD8B48901C7A1A840088D780 /* LYChildViewController.m */,
			);
			name = ChildVC;
			sourceTree = "<group>";
		};
		CDCCB1A01C7ABB4D0075AFA9 /* LYTopWindow */ = {
			isa = PBXGroup;
			children = (
				CDCCB1A11C7ABB4D0075AFA9 /* LYTopRootController.h */,
				CDCCB1A21C7ABB4D0075AFA9 /* LYTopRootController.m */,
				CDCCB1A31C7ABB4D0075AFA9 /* LYTopWindow.h */,
				CDCCB1A41C7ABB4D0075AFA9 /* LYTopWindow.m */,
			);
			name = LYTopWindow;
			path = ../LYTopWindow;
			sourceTree = "<group>";
		};
/* End PBXGroup section */

/* Begin PBXNativeTarget section */
		CD8B48381C7A022C0088D780 /* LYTopWindowExample */ = {
			isa = PBXNativeTarget;
			buildConfigurationList = CD8B48661C7A022C0088D780 /* Build configuration list for PBXNativeTarget "LYTopWindowExample" */;
			buildPhases = (
				CD8B48351C7A022C0088D780 /* Sources */,
				CD8B48361C7A022C0088D780 /* Frameworks */,
				CD8B48371C7A022C0088D780 /* Resources */,
			);
			buildRules = (
			);
			dependencies = (
			);
			name = LYTopWindowExample;
			productName = LYTopWindowExample;
			productReference = CD8B48391C7A022C0088D780 /* LYTopWindowExample.app */;
			productType = "com.apple.product-type.application";
		};
		CD8B48511C7A022C0088D780 /* LYTopWindowExampleTests */ = {
			isa = PBXNativeTarget;
			buildConfigurationList = CD8B48691C7A022C0088D780 /* Build configuration list for PBXNativeTarget "LYTopWindowExampleTests" */;
			buildPhases = (
				CD8B484E1C7A022C0088D780 /* Sources */,
				CD8B484F1C7A022C0088D780 /* Frameworks */,
				CD8B48501C7A022C0088D780 /* Resources */,
			);
			buildRules = (
			);
			dependencies = (
				CD8B48541C7A022C0088D780 /* PBXTargetDependency */,
			);
			name = LYTopWindowExampleTests;
			productName = LYTopWindowExampleTests;
			productReference = CD8B48521C7A022C0088D780 /* LYTopWindowExampleTests.xctest */;
			productType = "com.apple.product-type.bundle.unit-test";
		};
		CD8B485C1C7A022C0088D780 /* LYTopWindowExampleUITests */ = {
			isa = PBXNativeTarget;
			buildConfigurationList = CD8B486C1C7A022C0088D780 /* Build configuration list for PBXNativeTarget "LYTopWindowExampleUITests" */;
			buildPhases = (
				CD8B48591C7A022C0088D780 /* Sources */,
				CD8B485A1C7A022C0088D780 /* Frameworks */,
				CD8B485B1C7A022C0088D780 /* Resources */,
			);
			buildRules = (
			);
			dependencies = (
				CD8B485F1C7A022C0088D780 /* PBXTargetDependency */,
			);
			name = LYTopWindowExampleUITests;
			productName = LYTopWindowExampleUITests;
			productReference = CD8B485D1C7A022C0088D780 /* LYTopWindowExampleUITests.xctest */;
			productType = "com.apple.product-type.bundle.ui-testing";
		};
/* End PBXNativeTarget section */

/* Begin PBXProject section */
		CD8B48311C7A022C0088D780 /* Project object */ = {
			isa = PBXProject;
			attributes = {
				CLASSPREFIX = LY;
				LastUpgradeCheck = 0720;
				ORGANIZATIONNAME = DeveloperLY;
				TargetAttributes = {
					CD8B48381C7A022C0088D780 = {
						CreatedOnToolsVersion = 7.2;
						DevelopmentTeam = 342VP95RM8;
					};
					CD8B48511C7A022C0088D780 = {
						CreatedOnToolsVersion = 7.2;
						DevelopmentTeam = 342VP95RM8;
						TestTargetID = CD8B48381C7A022C0088D780;
					};
					CD8B485C1C7A022C0088D780 = {
						CreatedOnToolsVersion = 7.2;
						DevelopmentTeam = 342VP95RM8;
						TestTargetID = CD8B48381C7A022C0088D780;
					};
				};
			};
			buildConfigurationList = CD8B48341C7A022C0088D780 /* Build configuration list for PBXProject "LYTopWindowExample" */;
			compatibilityVersion = "Xcode 3.2";
			developmentRegion = English;
			hasScannedForEncodings = 0;
			knownRegions = (
				en,
				Base,
			);
			mainGroup = CD8B48301C7A022C0088D780;
			productRefGroup = CD8B483A1C7A022C0088D780 /* Products */;
			projectDirPath = "";
			projectRoot = "";
			targets = (
				CD8B48381C7A022C0088D780 /* LYTopWindowExample */,
				CD8B48511C7A022C0088D780 /* LYTopWindowExampleTests */,
				CD8B485C1C7A022C0088D780 /* LYTopWindowExampleUITests */,
			);
		};
/* End PBXProject section */

/* Begin PBXResourcesBuildPhase section */
		CD8B48371C7A022C0088D780 /* Resources */ = {
			isa = PBXResourcesBuildPhase;
			buildActionMask = 2147483647;
			files = (
				CD8B484C1C7A022C0088D780 /* LaunchScreen.storyboard in Resources */,
				CD8B48491C7A022C0088D780 /* Assets.xcassets in Resources */,
				CD8B48471C7A022C0088D780 /* Main.storyboard in Resources */,
			);
			runOnlyForDeploymentPostprocessing = 0;
		};
		CD8B48501C7A022C0088D780 /* Resources */ = {
			isa = PBXResourcesBuildPhase;
			buildActionMask = 2147483647;
			files = (
			);
			runOnlyForDeploymentPostprocessing = 0;
		};
		CD8B485B1C7A022C0088D780 /* Resources */ = {
			isa = PBXResourcesBuildPhase;
			buildActionMask = 2147483647;
			files = (
			);
			runOnlyForDeploymentPostprocessing = 0;
		};
/* End PBXResourcesBuildPhase section */

/* Begin PBXSourcesBuildPhase section */
		CD8B48351C7A022C0088D780 /* Sources */ = {
			isa = PBXSourcesBuildPhase;
			buildActionMask = 2147483647;
			files = (
				CD8B488B1C7A14F00088D780 /* LYWordViewController.m in Sources */,
				CD8B48441C7A022C0088D780 /* ViewController.m in Sources */,
				CD8B48851C7A14C90088D780 /* LYVideoViewController.m in Sources */,
				CD8B487B1C7A11B50088D780 /* UIView+Extension.m in Sources */,
				CDCCB1A51C7ABB4D0075AFA9 /* LYTopRootController.m in Sources */,
				CD8B487F1C7A14840088D780 /* LYVoiceViewController.m in Sources */,
				CD8B48821C7A14AB0088D780 /* LYAllViewController.m in Sources */,
				CDCCB1A61C7ABB4D0075AFA9 /* LYTopWindow.m in Sources */,
				CD8B48881C7A14DA0088D780 /* LYPictureViewController.m in Sources */,
				CDA139051C8194C500F6946C /* LYViewController.m in Sources */,
				CD8B48781C7A10BD0088D780 /* LYTitleButton.m in Sources */,
				CD8B48411C7A022C0088D780 /* AppDelegate.m in Sources */,
				CD8B483E1C7A022C0088D780 /* main.m in Sources */,
				CD8B48911C7A1A840088D780 /* LYChildViewController.m in Sources */,
			);
			runOnlyForDeploymentPostprocessing = 0;
		};
		CD8B484E1C7A022C0088D780 /* Sources */ = {
			isa = PBXSourcesBuildPhase;
			buildActionMask = 2147483647;
			files = (
				CD8B48571C7A022C0088D780 /* LYTopWindowExampleTests.m in Sources */,
			);
			runOnlyForDeploymentPostprocessing = 0;
		};
		CD8B48591C7A022C0088D780 /* Sources */ = {
			isa = PBXSourcesBuildPhase;
			buildActionMask = 2147483647;
			files = (
				CD8B48621C7A022C0088D780 /* LYTopWindowExampleUITests.m in Sources */,
			);
			runOnlyForDeploymentPostprocessing = 0;
		};
/* End PBXSourcesBuildPhase section */

/* Begin PBXTargetDependency section */
		CD8B48541C7A022C0088D780 /* PBXTargetDependency */ = {
			isa = PBXTargetDependency;
			target = CD8B48381C7A022C0088D780 /* LYTopWindowExample */;
			targetProxy = CD8B48531C7A022C0088D780 /* PBXContainerItemProxy */;
		};
		CD8B485F1C7A022C0088D780 /* PBXTargetDependency */ = {
			isa = PBXTargetDependency;
			target = CD8B48381C7A022C0088D780 /* LYTopWindowExample */;
			targetProxy = CD8B485E1C7A022C0088D780 /* PBXContainerItemProxy */;
		};
/* End PBXTargetDependency section */

/* Begin PBXVariantGroup section */
		CD8B48451C7A022C0088D780 /* Main.storyboard */ = {
			isa = PBXVariantGroup;
			children = (
				CD8B48461C7A022C0088D780 /* Base */,
			);
			name = Main.storyboard;
			sourceTree = "<group>";
		};
		CD8B484A1C7A022C0088D780 /* LaunchScreen.storyboard */ = {
			isa = PBXVariantGroup;
			children = (
				CD8B484B1C7A022C0088D780 /* Base */,
			);
			name = LaunchScreen.storyboard;
			sourceTree = "<group>";
		};
/* End PBXVariantGroup section */

/* Begin XCBuildConfiguration section */
		CD8B48641C7A022C0088D780 /* Debug */ = {
			isa = XCBuildConfiguration;
			buildSettings = {
				ALWAYS_SEARCH_USER_PATHS = NO;
				CLANG_CXX_LANGUAGE_STANDARD = "gnu++0x";
				CLANG_CXX_LIBRARY = "libc++";
				CLANG_ENABLE_MODULES = YES;
				CLANG_ENABLE_OBJC_ARC = YES;
				CLANG_WARN_BOOL_CONVERSION = YES;
				CLANG_WARN_CONSTANT_CONVERSION = YES;
				CLANG_WARN_DIRECT_OBJC_ISA_USAGE = YES_ERROR;
				CLANG_WARN_EMPTY_BODY = YES;
				CLANG_WARN_ENUM_CONVERSION = YES;
				CLANG_WARN_INT_CONVERSION = YES;
				CLANG_WARN_OBJC_ROOT_CLASS = YES_ERROR;
				CLANG_WARN_UNREACHABLE_CODE = YES;
				CLANG_WARN__DUPLICATE_METHOD_MATCH = YES;
				"CODE_SIGN_IDENTITY[sdk=iphoneos*]" = "iPhone Developer";
				COPY_PHASE_STRIP = NO;
				DEBUG_INFORMATION_FORMAT = dwarf;
				ENABLE_STRICT_OBJC_MSGSEND = YES;
				ENABLE_TESTABILITY = YES;
				GCC_C_LANGUAGE_STANDARD = gnu99;
				GCC_DYNAMIC_NO_PIC = NO;
				GCC_NO_COMMON_BLOCKS = YES;
				GCC_OPTIMIZATION_LEVEL = 0;
				GCC_PREPROCESSOR_DEFINITIONS = (
					"DEBUG=1",
					"$(inherited)",
				);
				GCC_WARN_64_TO_32_BIT_CONVERSION = YES;
				GCC_WARN_ABOUT_RETURN_TYPE = YES_ERROR;
				GCC_WARN_UNDECLARED_SELECTOR = YES;
				GCC_WARN_UNINITIALIZED_AUTOS = YES_AGGRESSIVE;
				GCC_WARN_UNUSED_FUNCTION = YES;
				GCC_WARN_UNUSED_VARIABLE = YES;
				IPHONEOS_DEPLOYMENT_TARGET = 8.0;
				MTL_ENABLE_DEBUG_INFO = YES;
				ONLY_ACTIVE_ARCH = YES;
				SDKROOT = iphoneos;
			};
			name = Debug;
		};
		CD8B48651C7A022C0088D780 /* Release */ = {
			isa = XCBuildConfiguration;
			buildSettings = {
				ALWAYS_SEARCH_USER_PATHS = NO;
				CLANG_CXX_LANGUAGE_STANDARD = "gnu++0x";
				CLANG_CXX_LIBRARY = "libc++";
				CLANG_ENABLE_MODULES = YES;
				CLANG_ENABLE_OBJC_ARC = YES;
				CLANG_WARN_BOOL_CONVERSION = YES;
				CLANG_WARN_CONSTANT_CONVERSION = YES;
				CLANG_WARN_DIRECT_OBJC_ISA_USAGE = YES_ERROR;
				CLANG_WARN_EMPTY_BODY = YES;
				CLANG_WARN_ENUM_CONVERSION = YES;
				CLANG_WARN_INT_CONVERSION = YES;
				CLANG_WARN_OBJC_ROOT_CLASS = YES_ERROR;
				CLANG_WARN_UNREACHABLE_CODE = YES;
				CLANG_WARN__DUPLICATE_METHOD_MATCH = YES;
				"CODE_SIGN_IDENTITY[sdk=iphoneos*]" = "iPhone Developer";
				COPY_PHASE_STRIP = NO;
				DEBUG_INFORMATION_FORMAT = "dwarf-with-dsym";
				ENABLE_NS_ASSERTIONS = NO;
				ENABLE_STRICT_OBJC_MSGSEND = YES;
				GCC_C_LANGUAGE_STANDARD = gnu99;
				GCC_NO_COMMON_BLOCKS = YES;
				GCC_WARN_64_TO_32_BIT_CONVERSION = YES;
				GCC_WARN_ABOUT_RETURN_TYPE = YES_ERROR;
				GCC_WARN_UNDECLARED_SELECTOR = YES;
				GCC_WARN_UNINITIALIZED_AUTOS = YES_AGGRESSIVE;
				GCC_WARN_UNUSED_FUNCTION = YES;
				GCC_WARN_UNUSED_VARIABLE = YES;
				IPHONEOS_DEPLOYMENT_TARGET = 8.0;
				MTL_ENABLE_DEBUG_INFO = NO;
				SDKROOT = iphoneos;
				VALIDATE_PRODUCT = YES;
			};
			name = Release;
		};
		CD8B48671C7A022C0088D780 /* Debug */ = {
			isa = XCBuildConfiguration;
			buildSettings = {
				ASSETCATALOG_COMPILER_APPICON_NAME = AppIcon;
				INFOPLIST_FILE = LYTopWindowExample/Info.plist;
				LD_RUNPATH_SEARCH_PATHS = "$(inherited) @executable_path/Frameworks";
				PRODUCT_BUNDLE_IDENTIFIER = com.CoderYLiu.LYTopWindowExample;
				PRODUCT_NAME = "$(TARGET_NAME)";
			};
			name = Debug;
		};
		CD8B48681C7A022C0088D780 /* Release */ = {
			isa = XCBuildConfiguration;
			buildSettings = {
				ASSETCATALOG_COMPILER_APPICON_NAME = AppIcon;
				INFOPLIST_FILE = LYTopWindowExample/Info.plist;
				LD_RUNPATH_SEARCH_PATHS = "$(inherited) @executable_path/Frameworks";
				PRODUCT_BUNDLE_IDENTIFIER = com.CoderYLiu.LYTopWindowExample;
				PRODUCT_NAME = "$(TARGET_NAME)";
			};
			name = Release;
		};
		CD8B486A1C7A022C0088D780 /* Debug */ = {
			isa = XCBuildConfiguration;
			buildSettings = {
				BUNDLE_LOADER = "$(TEST_HOST)";
				INFOPLIST_FILE = LYTopWindowExampleTests/Info.plist;
				LD_RUNPATH_SEARCH_PATHS = "$(inherited) @executable_path/Frameworks @loader_path/Frameworks";
				PRODUCT_BUNDLE_IDENTIFIER = com.CoderYLiu.LYTopWindowExampleTests;
				PRODUCT_NAME = "$(TARGET_NAME)";
				TEST_HOST = "$(BUILT_PRODUCTS_DIR)/LYTopWindowExample.app/LYTopWindowExample";
			};
			name = Debug;
		};
		CD8B486B1C7A022C0088D780 /* Release */ = {
			isa = XCBuildConfiguration;
			buildSettings = {
				BUNDLE_LOADER = "$(TEST_HOST)";
				INFOPLIST_FILE = LYTopWindowExampleTests/Info.plist;
				LD_RUNPATH_SEARCH_PATHS = "$(inherited) @executable_path/Frameworks @loader_path/Frameworks";
				PRODUCT_BUNDLE_IDENTIFIER = com.CoderYLiu.LYTopWindowExampleTests;
				PRODUCT_NAME = "$(TARGET_NAME)";
				TEST_HOST = "$(BUILT_PRODUCTS_DIR)/LYTopWindowExample.app/LYTopWindowExample";
			};
			name = Release;
		};
		CD8B486D1C7A022C0088D780 /* Debug */ = {
			isa = XCBuildConfiguration;
			buildSettings = {
				INFOPLIST_FILE = LYTopWindowExampleUITests/Info.plist;
				LD_RUNPATH_SEARCH_PATHS = "$(inherited) @executable_path/Frameworks @loader_path/Frameworks";
				PRODUCT_BUNDLE_IDENTIFIER = com.CoderYLiu.LYTopWindowExampleUITests;
				PRODUCT_NAME = "$(TARGET_NAME)";
				TEST_TARGET_NAME = LYTopWindowExample;
				USES_XCTRUNNER = YES;
			};
			name = Debug;
		};
		CD8B486E1C7A022C0088D780 /* Release */ = {
			isa = XCBuildConfiguration;
			buildSettings = {
				INFOPLIST_FILE = LYTopWindowExampleUITests/Info.plist;
				LD_RUNPATH_SEARCH_PATHS = "$(inherited) @executable_path/Frameworks @loader_path/Frameworks";
				PRODUCT_BUNDLE_IDENTIFIER = com.CoderYLiu.LYTopWindowExampleUITests;
				PRODUCT_NAME = "$(TARGET_NAME)";
				TEST_TARGET_NAME = LYTopWindowExample;
				USES_XCTRUNNER = YES;
			};
			name = Release;
		};
/* End XCBuildConfiguration section */

/* Begin XCConfigurationList section */
		CD8B48341C7A022C0088D780 /* Build configuration list for PBXProject "LYTopWindowExample" */ = {
			isa = XCConfigurationList;
			buildConfigurations = (
				CD8B48641C7A022C0088D780 /* Debug */,
				CD8B48651C7A022C0088D780 /* Release */,
			);
			defaultConfigurationIsVisible = 0;
			defaultConfigurationName = Release;
		};
		CD8B48661C7A022C0088D780 /* Build configuration list for PBXNativeTarget "LYTopWindowExample" */ = {
			isa = XCConfigurationList;
			buildConfigurations = (
				CD8B48671C7A022C0088D780 /* Debug */,
				CD8B48681C7A022C0088D780 /* Release */,
			);
			defaultConfigurationIsVisible = 0;
			defaultConfigurationName = Release;
		};
		CD8B48691C7A022C0088D780 /* Build configuration list for PBXNativeTarget "LYTopWindowExampleTests" */ = {
			isa = XCConfigurationList;
			buildConfigurations = (
				CD8B486A1C7A022C0088D780 /* Debug */,
				CD8B486B1C7A022C0088D780 /* Release */,
			);
			defaultConfigurationIsVisible = 0;
			defaultConfigurationName = Release;
		};
		CD8B486C1C7A022C0088D780 /* Build configuration list for PBXNativeTarget "LYTopWindowExampleUITests" */ = {
			isa = XCConfigurationList;
			buildConfigurations = (
				CD8B486D1C7A022C0088D780 /* Debug */,
				CD8B486E1C7A022C0088D780 /* Release */,
			);
			defaultConfigurationIsVisible = 0;
			defaultConfigurationName = Release;
		};
/* End XCConfigurationList section */
	};
	rootObject = CD8B48311C7A022C0088D780 /* Project object */;
}
